// !$*UTF8*$!
{
	archiveVersion = 1;
	classes = {
	};
	objectVersion = 46;
	objects = {

/* Begin PBXBuildFile section */
		FD2AA4E81E901B1800A9BE96 /* RoundButton.swift in Sources */ = {isa = PBXBuildFile; fileRef = FD2AA4E71E901B1800A9BE96 /* RoundButton.swift */; };
		FDB075611E8ECA6F00AB9FFB /* AppDelegate.swift in Sources */ = {isa = PBXBuildFile; fileRef = FDB075601E8ECA6F00AB9FFB /* AppDelegate.swift */; };
		FDB075631E8ECA6F00AB9FFB /* ViewController.swift in Sources */ = {isa = PBXBuildFile; fileRef = FDB075621E8ECA6F00AB9FFB /* ViewController.swift */; };
		FDB075661E8ECA6F00AB9FFB /* Main.storyboard in Resources */ = {isa = PBXBuildFile; fileRef = FDB075641E8ECA6F00AB9FFB /* Main.storyboard */; };
		FDB0756B1E8ECA6F00AB9FFB /* Assets.xcassets in Resources */ = {isa = PBXBuildFile; fileRef = FDB0756A1E8ECA6F00AB9FFB /* Assets.xcassets */; };
		FDB0756E1E8ECA6F00AB9FFB /* LaunchScreen.storyboard in Resources */ = {isa = PBXBuildFile; fileRef = FDB0756C1E8ECA6F00AB9FFB /* LaunchScreen.storyboard */; };
/* End PBXBuildFile section */

/* Begin PBXFileReference section */
		FD2AA4E71E901B1800A9BE96 /* RoundButton.swift */ = {isa = PBXFileReference; fileEncoding = 4; lastKnownFileType = sourcecode.swift; path = RoundButton.swift; sourceTree = "<group>"; };
		FDB0755D1E8ECA6F00AB9FFB /* AnimationMenu.app */ = {isa = PBXFileReference; explicitFileType = wrapper.application; includeInIndex = 0; path = AnimationMenu.app; sourceTree = BUILT_PRODUCTS_DIR; };
		FDB075601E8ECA6F00AB9FFB /* AppDelegate.swift */ = {isa = PBXFileReference; lastKnownFileType = sourcecode.swift; path = AppDelegate.swift; sourceTree = "<group>"; };
		FDB075621E8ECA6F00AB9FFB /* ViewController.swift */ = {isa = PBXFileReference; lastKnownFileType = sourcecode.swift; path = ViewController.swift; sourceTree = "<group>"; };
		FDB075651E8ECA6F00AB9FFB /* Base */ = {isa = PBXFileReference; lastKnownFileType = file.storyboard; name = Base; path = Base.lproj/Main.storyboard; sourceTree = "<group>"; };
		FDB0756A1E8ECA6F00AB9FFB /* Assets.xcassets */ = {isa = PBXFileReference; lastKnownFileType = folder.assetcatalog; path = Assets.xcassets; sourceTree = "<group>"; };
		FDB0756D1E8ECA6F00AB9FFB /* Base */ = {isa = PBXFileReference; lastKnownFileType = file.storyboard; name = Base; path = Base.lproj/LaunchScreen.storyboard; sourceTree = "<group>"; };
		FDB0756F1E8ECA6F00AB9FFB /* Info.plist */ = {isa = PBXFileReference; lastKnownFileType = text.plist.xml; path = Info.plist; sourceTree = "<group>"; };
/* End PBXFileReference section */

/* Begin PBXFrameworksBuildPhase section */
		FDB0755A1E8ECA6F00AB9FFB /* Frameworks */ = {
			isa = PBXFrameworksBuildPhase;
			buildActionMask = 2147483647;
			files = (
			);
			runOnlyForDeploymentPostprocessing = 0;
		};
/* End PBXFrameworksBuildPhase section */

/* Begin PBXGroup section */
		FDB075541E8ECA6F00AB9FFB = {
			isa = PBXGroup;
			children = (
				FDB0755F1E8ECA6F00AB9FFB /* AnimationMenu */,
				FDB0755E1E8ECA6F00AB9FFB /* Products */,
			);
			sourceTree = "<group>";
		};
		FDB0755E1E8ECA6F00AB9FFB /* Products */ = {
			isa = PBXGroup;
			children = (
				FDB0755D1E8ECA6F00AB9FFB /* AnimationMenu.app */,
			);
			name = Products;
			sourceTree = "<group>";
		};
		FDB0755F1E8ECA6F00AB9FFB /* AnimationMenu */ = {
			isa = PBXGroup;
			children = (
				FDB075601E8ECA6F00AB9FFB /* AppDelegate.swift */,
				FDB075621E8ECA6F00AB9FFB /* ViewController.swift */,
				FD2AA4E71E901B1800A9BE96 /* RoundButton.swift */,
				FDB075641E8ECA6F00AB9FFB /* Main.storyboard */,
				FDB0756A1E8ECA6F00AB9FFB /* Assets.xcassets */,
				FDB0756C1E8ECA6F00AB9FFB /* LaunchScreen.storyboard */,
				FDB0756F1E8ECA6F00AB9FFB /* Info.plist */,
			);
			path = AnimationMenu;
			sourceTree = "<group>";
		};
/* End PBXGroup section */

/* Begin PBXNativeTarget section */
		FDB0755C1E8ECA6F00AB9FFB /* AnimationMenu */ = {
			isa = PBXNativeTarget;
			buildConfigurationList = FDB075721E8ECA6F00AB9FFB /* Build configuration list for PBXNativeTarget "AnimationMenu" */;
			buildPhases = (
				FDB075591E8ECA6F00AB9FFB /* Sources */,
				FDB0755A1E8ECA6F00AB9FFB /* Frameworks */,
				FDB0755B1E8ECA6F00AB9FFB /* Resources */,
			);
			buildRules = (
			);
			dependencies = (
			);
			name = AnimationMenu;
			productName = AnimationMenu;
			productReference = FDB0755D1E8ECA6F00AB9FFB /* AnimationMenu.app */;
			productType = "com.apple.product-type.application";
		};
/* End PBXNativeTarget section */

/* Begin PBXProject section */
		FDB075551E8ECA6F00AB9FFB /* Project object */ = {
			isa = PBXProject;
			attributes = {
				LastSwiftUpdateCheck = 0830;
				LastUpgradeCheck = 0830;
				ORGANIZATIONNAME = "Basil Baragabah";
				TargetAttributes = {
					FDB0755C1E8ECA6F00AB9FFB = {
						CreatedOnToolsVersion = 8.3;
						DevelopmentTeam = CP92CMD5E4;
						ProvisioningStyle = Automatic;
					};
				};
			};
			buildConfigurationList = FDB075581E8ECA6F00AB9FFB /* Build configuration list for PBXProject "AnimationMenu" */;
			compatibilityVersion = "Xcode 3.2";
			developmentRegion = English;
			hasScannedForEncodings = 0;
			knownRegions = (
				en,
				Base,
			);
			mainGroup = FDB075541E8ECA6F00AB9FFB;
			productRefGroup = FDB0755E1E8ECA6F00AB9FFB /* Products */;
			projectDirPath = "";
			projectRoot = "";
			targets = (
				FDB0755C1E8ECA6F00AB9FFB /* AnimationMenu */,
			);
		};
/* End PBXProject section */

/* Begin PBXResourcesBuildPhase section */
		FDB0755B1E8ECA6F00AB9FFB /* Resources */ = {
			isa = PBXResourcesBuildPhase;
			buildActionMask = 2147483647;
			files = (
				FDB0756E1E8ECA6F00AB9FFB /* LaunchScreen.storyboard in Resources */,
				FDB0756B1E8ECA6F00AB9FFB /* Assets.xcassets in Resources */,
				FDB075661E8ECA6F00AB9FFB /* Main.storyboard in Resources */,
			);
			runOnlyForDeploymentPostprocessing = 0;
		};
/* End PBXResourcesBuildPhase section */

/* Begin PBXSourcesBuildPhase section */
		FDB075591E8ECA6F00AB9FFB /* Sources */ = {
			isa = PBXSourcesBuildPhase;
			buildActionMask = 2147483647;
			files = (
				FD2AA4E81E901B1800A9BE96 /* RoundButton.swift in Sources */,
				FDB075631E8ECA6F00AB9FFB /* ViewController.swift in Sources */,
				FDB075611E8ECA6F00AB9FFB /* AppDelegate.swift in Sources */,
			);
			runOnlyForDeploymentPostprocessing = 0;
		};
/* End PBXSourcesBuildPhase section */

/* Begin PBXVariantGroup section */
		FDB075641E8ECA6F00AB9FFB /* Main.storyboard */ = {
			isa = PBXVariantGroup;
			children = (
				FDB075651E8ECA6F00AB9FFB /* Base */,
			);
			name = Main.storyboard;
			sourceTree = "<group>";
		};
		FDB0756C1E8ECA6F00AB9FFB /* LaunchScreen.storyboard */ = {
			isa = PBXVariantGroup;
			children = (
				FDB0756D1E8ECA6F00AB9FFB /* Base */,
			);
			name = LaunchScreen.storyboard;
			sourceTree = "<group>";
		};
/* End PBXVariantGroup section */

/* Begin XCBuildConfiguration section */
		FDB075701E8ECA6F00AB9FFB /* Debug */ = {
			isa = XCBuildConfiguration;
			buildSettings = {
				ALWAYS_SEARCH_USER_PATHS = NO;
				CLANG_ANALYZER_NONNULL = YES;
				CLANG_ANALYZER_NUMBER_OBJECT_CONVERSION = YES_AGGRESSIVE;
				CLANG_CXX_LANGUAGE_STANDARD = "gnu++0x";
				CLANG_CXX_LIBRARY = "libc++";
				CLANG_ENABLE_MODULES = YES;
				CLANG_ENABLE_OBJC_ARC = YES;
				CLANG_WARN_BOOL_CONVERSION = YES;
				CLANG_WARN_CONSTANT_CONVERSION = YES;
				CLANG_WARN_DIRECT_OBJC_ISA_USAGE = YES_ERROR;
				CLANG_WARN_DOCUMENTATION_COMMENTS = YES;
				CLANG_WARN_EMPTY_BODY = YES;
				CLANG_WARN_ENUM_CONVERSION = YES;
				CLANG_WARN_INFINITE_RECURSION = YES;
				CLANG_WARN_INT_CONVERSION = YES;
				CLANG_WARN_OBJC_ROOT_CLASS = YES_ERROR;
				CLANG_WARN_SUSPICIOUS_MOVE = YES;
				CLANG_WARN_UNREACHABLE_CODE = YES;
				CLANG_WARN__DUPLICATE_METHOD_MATCH = YES;
				"CODE_SIGN_IDENTITY[sdk=iphoneos*]" = "iPhone Developer";
				COPY_PHASE_STRIP = NO;
				DEBUG_INFORMATION_FORMAT = dwarf;
				ENABLE_STRICT_OBJC_MSGSEND = YES;
				ENABLE_TESTABILITY = YES;
				GCC_C_LANGUAGE_STANDARD = gnu99;
				GCC_DYNAMIC_NO_PIC = NO;
				GCC_NO_COMMON_BLOCKS = YES;
				GCC_OPTIMIZATION_LEVEL = 0;
				GCC_PREPROCESSOR_DEFINITIONS = (
					"DEBUG=1",
					"$(inherited)",
				);
				GCC_WARN_64_TO_32_BIT_CONVERSION = YES;
				GCC_WARN_ABOUT_RETURN_TYPE = YES_ERROR;
				GCC_WARN_UNDECLARED_SELECTOR = YES;
				GCC_WARN_UNINITIALIZED_AUTOS = YES_AGGRESSIVE;
				GCC_WARN_UNUSED_FUNCTION = YES;
				GCC_WARN_UNUSED_VARIABLE = YES;
				IPHONEOS_DEPLOYMENT_TARGET = 10.3;
				MTL_ENABLE_DEBUG_INFO = YES;
				ONLY_ACTIVE_ARCH = YES;
				SDKROOT = iphoneos;
				SWIFT_ACTIVE_COMPILATION_CONDITIONS = DEBUG;
				SWIFT_OPTIMIZATION_LEVEL = "-Onone";
			};
			name = Debug;
		};
		FDB075711E8ECA6F00AB9FFB /* Release */ = {
			isa = XCBuildConfiguration;
			buildSettings = {
				ALWAYS_SEARCH_USER_PATHS = NO;
				CLANG_ANALYZER_NONNULL = YES;
				CLANG_ANALYZER_NUMBER_OBJECT_CONVERSION = YES_AGGRESSIVE;
				CLANG_CXX_LANGUAGE_STANDARD = "gnu++0x";
				CLANG_CXX_LIBRARY = "libc++";
				CLANG_ENABLE_MODULES = YES;
				CLANG_ENABLE_OBJC_ARC = YES;
				CLANG_WARN_BOOL_CONVERSION = YES;
				CLANG_WARN_CONSTANT_CONVERSION = YES;
				CLANG_WARN_DIRECT_OBJC_ISA_USAGE = YES_ERROR;
				CLANG_WARN_DOCUMENTATION_COMMENTS = YES;
				CLANG_WARN_EMPTY_BODY = YES;
				CLANG_WARN_ENUM_CONVERSION = YES;
				CLANG_WARN_INFINITE_RECURSION = YES;
				CLANG_WARN_INT_CONVERSION = YES;
				CLANG_WARN_OBJC_ROOT_CLASS = YES_ERROR;
				CLANG_WARN_SUSPICIOUS_MOVE = YES;
				CLANG_WARN_UNREACHABLE_CODE = YES;
				CLANG_WARN__DUPLICATE_METHOD_MATCH = YES;
				"CODE_SIGN_IDENTITY[sdk=iphoneos*]" = "iPhone Developer";
				COPY_PHASE_STRIP = NO;
				DEBUG_INFORMATION_FORMAT = "dwarf-with-dsym";
				ENABLE_NS_ASSERTIONS = NO;
				ENABLE_STRICT_OBJC_MSGSEND = YES;
				GCC_C_LANGUAGE_STANDARD = gnu99;
				GCC_NO_COMMON_BLOCKS = YES;
				GCC_WARN_64_TO_32_BIT_CONVERSION = YES;
				GCC_WARN_ABOUT_RETURN_TYPE = YES_ERROR;
				GCC_WARN_UNDECLARED_SELECTOR = YES;
				GCC_WARN_UNINITIALIZED_AUTOS = YES_AGGRESSIVE;
				GCC_WARN_UNUSED_FUNCTION = YES;
				GCC_WARN_UNUSED_VARIABLE = YES;
				IPHONEOS_DEPLOYMENT_TARGET = 10.3;
				MTL_ENABLE_DEBUG_INFO = NO;
				SDKROOT = iphoneos;
				SWIFT_OPTIMIZATION_LEVEL = "-Owholemodule";
				VALIDATE_PRODUCT = YES;
			};
			name = Release;
		};
		FDB075731E8ECA6F00AB9FFB /* Debug */ = {
			isa = XCBuildConfiguration;
			buildSettings = {
				ASSETCATALOG_COMPILER_APPICON_NAME = AppIcon;
				DEVELOPMENT_TEAM = CP92CMD5E4;
				INFOPLIST_FILE = AnimationMenu/Info.plist;
				LD_RUNPATH_SEARCH_PATHS = "$(inherited) @executable_path/Frameworks";
				PRODUCT_BUNDLE_IDENTIFIER = com.Basil.Baragabah.AnimationMenu;
				PRODUCT_NAME = "$(TARGET_NAME)";
				SWIFT_VERSION = 3.0;
			};
			name = Debug;
		};
		FDB075741E8ECA6F00AB9FFB /* Release */ = {
			isa = XCBuildConfiguration;
			buildSettings = {
				ASSETCATALOG_COMPILER_APPICON_NAME = AppIcon;
				DEVELOPMENT_TEAM = CP92CMD5E4;
				INFOPLIST_FILE = AnimationMenu/Info.plist;
				LD_RUNPATH_SEARCH_PATHS = "$(inherited) @executable_path/Frameworks";
				PRODUCT_BUNDLE_IDENTIFIER = com.Basil.Baragabah.AnimationMenu;
				PRODUCT_NAME = "$(TARGET_NAME)";
				SWIFT_VERSION = 3.0;
			};
			name = Release;
		};
/* End XCBuildConfiguration section */

/* Begin XCConfigurationList section */
		FDB075581E8ECA6F00AB9FFB /* Build configuration list for PBXProject "AnimationMenu" */ = {
			isa = XCConfigurationList;
			buildConfigurations = (
				FDB075701E8ECA6F00AB9FFB /* Debug */,
				FDB075711E8ECA6F00AB9FFB /* Release */,
			);
			defaultConfigurationIsVisible = 0;
			defaultConfigurationName = Release;
		};
		FDB075721E8ECA6F00AB9FFB /* Build configuration list for PBXNativeTarget "AnimationMenu" */ = {
			isa = XCConfigurationList;
			buildConfigurations = (
				FDB075731E8ECA6F00AB9FFB /* Debug */,
				FDB075741E8ECA6F00AB9FFB /* Release */,
			);
			defaultConfigurationIsVisible = 0;
			defaultConfigurationName = Release;
		};
/* End XCConfigurationList section */
	};
	rootObject = FDB075551E8ECA6F00AB9FFB /* Project object */;
}
